// !$*UTF8*$!
{
	archiveVersion = 1;
	classes = {
	};
	objectVersion = 46;
	objects = {

/* Begin PBXBuildFile section */
		1F1800DE1BFAB6A300E5379F /* CFTableViewController.swift in Sources */ = {isa = PBXBuildFile; fileRef = 1F1800DD1BFAB6A300E5379F /* CFTableViewController.swift */; };
		1F1801161BFD7CBE00E5379F /* CFViewController.swift in Sources */ = {isa = PBXBuildFile; fileRef = 1F1801151BFD7CBE00E5379F /* CFViewController.swift */; };
		1F1801401BFFBDF900E5379F /* TimeKeeperView.swift in Sources */ = {isa = PBXBuildFile; fileRef = 1F18013F1BFFBDF900E5379F /* TimeKeeperView.swift */; };
		1F1801421BFFBE3800E5379F /* PRView.swift in Sources */ = {isa = PBXBuildFile; fileRef = 1F1801411BFFBE3800E5379F /* PRView.swift */; };
		1F18014B1C01578300E5379F /* WODTableViewController.swift in Sources */ = {isa = PBXBuildFile; fileRef = 1F18014A1C01578300E5379F /* WODTableViewController.swift */; };
		1F73C3DA1BEB152E00AE339C /* AppDelegate.swift in Sources */ = {isa = PBXBuildFile; fileRef = 1F73C3D91BEB152E00AE339C /* AppDelegate.swift */; };
		1F73C3DF1BEB152E00AE339C /* Main.storyboard in Resources */ = {isa = PBXBuildFile; fileRef = 1F73C3DD1BEB152E00AE339C /* Main.storyboard */; };
		1F73C3E11BEB152E00AE339C /* Assets.xcassets in Resources */ = {isa = PBXBuildFile; fileRef = 1F73C3E01BEB152E00AE339C /* Assets.xcassets */; };
		1F73C3EC1BEB15B500AE339C /* Social.framework in Frameworks */ = {isa = PBXBuildFile; fileRef = 1F73C3EB1BEB15B500AE339C /* Social.framework */; };
		1F73C3EE1BEB15BE00AE339C /* Accounts.framework in Frameworks */ = {isa = PBXBuildFile; fileRef = 1F73C3ED1BEB15BE00AE339C /* Accounts.framework */; };
		1F73C3F01BEB15C400AE339C /* CFNetwork.framework in Frameworks */ = {isa = PBXBuildFile; fileRef = 1F73C3EF1BEB15C400AE339C /* CFNetwork.framework */; };
		1F73C3F21BEB15D000AE339C /* CoreLocation.framework in Frameworks */ = {isa = PBXBuildFile; fileRef = 1F73C3F11BEB15D000AE339C /* CoreLocation.framework */; };
		1F73C3F41BEB15DA00AE339C /* CoreGraphics.framework in Frameworks */ = {isa = PBXBuildFile; fileRef = 1F73C3F31BEB15DA00AE339C /* CoreGraphics.framework */; };
		1F73C3F61BEB15E300AE339C /* QuartzCore.framework in Frameworks */ = {isa = PBXBuildFile; fileRef = 1F73C3F51BEB15E300AE339C /* QuartzCore.framework */; };
		1F73C3F81BEB15EA00AE339C /* Security.framework in Frameworks */ = {isa = PBXBuildFile; fileRef = 1F73C3F71BEB15EA00AE339C /* Security.framework */; };
		1F73C3FA1BEB15F000AE339C /* StoreKit.framework in Frameworks */ = {isa = PBXBuildFile; fileRef = 1F73C3F91BEB15F000AE339C /* StoreKit.framework */; };
		1F73C3FC1BEB160D00AE339C /* AudioToolbox.framework in Frameworks */ = {isa = PBXBuildFile; fileRef = 1F73C3FB1BEB160D00AE339C /* AudioToolbox.framework */; };
		1F73C3FE1BEB161A00AE339C /* SystemConfiguration.framework in Frameworks */ = {isa = PBXBuildFile; fileRef = 1F73C3FD1BEB161A00AE339C /* SystemConfiguration.framework */; };
		1F73C4021BEB165400AE339C /* Bolts.framework in Frameworks */ = {isa = PBXBuildFile; fileRef = 1F73C4001BEB165400AE339C /* Bolts.framework */; };
		1F73C4031BEB165400AE339C /* Parse.framework in Frameworks */ = {isa = PBXBuildFile; fileRef = 1F73C4011BEB165400AE339C /* Parse.framework */; };
		1F73C4051BEB166400AE339C /* ParseUI.framework in Frameworks */ = {isa = PBXBuildFile; fileRef = 1F73C4041BEB166400AE339C /* ParseUI.framework */; };
		1F73C4071BEB167000AE339C /* ParseFacebookUtils.framework in Frameworks */ = {isa = PBXBuildFile; fileRef = 1F73C4061BEB167000AE339C /* ParseFacebookUtils.framework */; };
		1F73C4091BEB167C00AE339C /* ParseCrashReporting.framework in Frameworks */ = {isa = PBXBuildFile; fileRef = 1F73C4081BEB167C00AE339C /* ParseCrashReporting.framework */; };
		1F73C40B1BEB16C600AE339C /* libz.tbd in Frameworks */ = {isa = PBXBuildFile; fileRef = 1F73C40A1BEB16C600AE339C /* libz.tbd */; };
		1F73C40D1BEB16E200AE339C /* libstdc++.6.0.9.dylib in Frameworks */ = {isa = PBXBuildFile; fileRef = 1F73C40C1BEB16E200AE339C /* libstdc++.6.0.9.dylib */; };
		1F73C40F1BEB170700AE339C /* libsqlite3.dylib in Frameworks */ = {isa = PBXBuildFile; fileRef = 1F73C40E1BEB170700AE339C /* libsqlite3.dylib */; };
		1F7E27D71BF7D4D2005F94F6 /* LoginViewController.swift in Sources */ = {isa = PBXBuildFile; fileRef = 1F7E27D61BF7D4D2005F94F6 /* LoginViewController.swift */; };
		1F7E27D91BF7D4E6005F94F6 /* HomeViewController.swift in Sources */ = {isa = PBXBuildFile; fileRef = 1F7E27D81BF7D4E6005F94F6 /* HomeViewController.swift */; };
		1F7E27DB1BF7D4FA005F94F6 /* SignUpViewController.swift in Sources */ = {isa = PBXBuildFile; fileRef = 1F7E27DA1BF7D4FA005F94F6 /* SignUpViewController.swift */; };
		1F7E27DD1BF7D517005F94F6 /* ResetPasswordViewController.swift in Sources */ = {isa = PBXBuildFile; fileRef = 1F7E27DC1BF7D517005F94F6 /* ResetPasswordViewController.swift */; };
		1F93910B1BED7DF6007F7E0E /* MapView.swift in Sources */ = {isa = PBXBuildFile; fileRef = 1F93910A1BED7DF6007F7E0E /* MapView.swift */; };
		1F9F3D551C0524C200F2515D /* Lap Button.png in Resources */ = {isa = PBXBuildFile; fileRef = 1F9F3D511C0524C200F2515D /* Lap Button.png */; };
		1F9F3D561C0524C200F2515D /* Reset Button.png in Resources */ = {isa = PBXBuildFile; fileRef = 1F9F3D521C0524C200F2515D /* Reset Button.png */; };
		1F9F3D571C0524C200F2515D /* Start Button.png in Resources */ = {isa = PBXBuildFile; fileRef = 1F9F3D531C0524C200F2515D /* Start Button.png */; };
		1F9F3D581C0524C200F2515D /* Stop Button.png in Resources */ = {isa = PBXBuildFile; fileRef = 1F9F3D541C0524C200F2515D /* Stop Button.png */; };
		1FB816E41C34A337009EFCDA /* Launch Screen.storyboard in Resources */ = {isa = PBXBuildFile; fileRef = 1FB816E31C34A337009EFCDA /* Launch Screen.storyboard */; };
		1FB816E81C3E0093009EFCDA /* CFWODTableViewController.swift in Sources */ = {isa = PBXBuildFile; fileRef = 1FB816E71C3E0092009EFCDA /* CFWODTableViewController.swift */; };
		1FB816EA1C47257C009EFCDA /* WODDetailTableViewController.swift in Sources */ = {isa = PBXBuildFile; fileRef = 1FB816E91C47257B009EFCDA /* WODDetailTableViewController.swift */; };
/* End PBXBuildFile section */

/* Begin PBXFileReference section */
		1F1800DD1BFAB6A300E5379F /* CFTableViewController.swift */ = {isa = PBXFileReference; fileEncoding = 4; lastKnownFileType = sourcecode.swift; name = CFTableViewController.swift; path = ../CFTableViewController.swift; sourceTree = "<group>"; };
		1F1801151BFD7CBE00E5379F /* CFViewController.swift */ = {isa = PBXFileReference; fileEncoding = 4; lastKnownFileType = sourcecode.swift; name = CFViewController.swift; path = ../CFViewController.swift; sourceTree = "<group>"; };
		1F18013F1BFFBDF900E5379F /* TimeKeeperView.swift */ = {isa = PBXFileReference; fileEncoding = 4; lastKnownFileType = sourcecode.swift; name = TimeKeeperView.swift; path = ../TimeKeeperView.swift; sourceTree = "<group>"; };
		1F1801411BFFBE3800E5379F /* PRView.swift */ = {isa = PBXFileReference; fileEncoding = 4; lastKnownFileType = sourcecode.swift; path = PRView.swift; sourceTree = "<group>"; };
		1F18014A1C01578300E5379F /* WODTableViewController.swift */ = {isa = PBXFileReference; fileEncoding = 4; lastKnownFileType = sourcecode.swift; path = WODTableViewController.swift; sourceTree = "<group>"; };
		1F73C3D61BEB152E00AE339C /* FitApp.app */ = {isa = PBXFileReference; explicitFileType = wrapper.application; includeInIndex = 0; path = FitApp.app; sourceTree = BUILT_PRODUCTS_DIR; };
		1F73C3D91BEB152E00AE339C /* AppDelegate.swift */ = {isa = PBXFileReference; lastKnownFileType = sourcecode.swift; path = AppDelegate.swift; sourceTree = "<group>"; };
		1F73C3DE1BEB152E00AE339C /* Base */ = {isa = PBXFileReference; lastKnownFileType = file.storyboard; name = Base; path = Base.lproj/Main.storyboard; sourceTree = "<group>"; };
		1F73C3E01BEB152E00AE339C /* Assets.xcassets */ = {isa = PBXFileReference; lastKnownFileType = folder.assetcatalog; path = Assets.xcassets; sourceTree = "<group>"; };
		1F73C3E51BEB152E00AE339C /* Info.plist */ = {isa = PBXFileReference; lastKnownFileType = text.plist.xml; path = Info.plist; sourceTree = "<group>"; };
		1F73C3EB1BEB15B500AE339C /* Social.framework */ = {isa = PBXFileReference; lastKnownFileType = wrapper.framework; name = Social.framework; path = System/Library/Frameworks/Social.framework; sourceTree = SDKROOT; };
		1F73C3ED1BEB15BE00AE339C /* Accounts.framework */ = {isa = PBXFileReference; lastKnownFileType = wrapper.framework; name = Accounts.framework; path = System/Library/Frameworks/Accounts.framework; sourceTree = SDKROOT; };
		1F73C3EF1BEB15C400AE339C /* CFNetwork.framework */ = {isa = PBXFileReference; lastKnownFileType = wrapper.framework; name = CFNetwork.framework; path = System/Library/Frameworks/CFNetwork.framework; sourceTree = SDKROOT; };
		1F73C3F11BEB15D000AE339C /* CoreLocation.framework */ = {isa = PBXFileReference; lastKnownFileType = wrapper.framework; name = CoreLocation.framework; path = System/Library/Frameworks/CoreLocation.framework; sourceTree = SDKROOT; };
		1F73C3F31BEB15DA00AE339C /* CoreGraphics.framework */ = {isa = PBXFileReference; lastKnownFileType = wrapper.framework; name = CoreGraphics.framework; path = System/Library/Frameworks/CoreGraphics.framework; sourceTree = SDKROOT; };
		1F73C3F51BEB15E300AE339C /* QuartzCore.framework */ = {isa = PBXFileReference; lastKnownFileType = wrapper.framework; name = QuartzCore.framework; path = System/Library/Frameworks/QuartzCore.framework; sourceTree = SDKROOT; };
		1F73C3F71BEB15EA00AE339C /* Security.framework */ = {isa = PBXFileReference; lastKnownFileType = wrapper.framework; name = Security.framework; path = System/Library/Frameworks/Security.framework; sourceTree = SDKROOT; };
		1F73C3F91BEB15F000AE339C /* StoreKit.framework */ = {isa = PBXFileReference; lastKnownFileType = wrapper.framework; name = StoreKit.framework; path = System/Library/Frameworks/StoreKit.framework; sourceTree = SDKROOT; };
		1F73C3FB1BEB160D00AE339C /* AudioToolbox.framework */ = {isa = PBXFileReference; lastKnownFileType = wrapper.framework; name = AudioToolbox.framework; path = System/Library/Frameworks/AudioToolbox.framework; sourceTree = SDKROOT; };
		1F73C3FD1BEB161A00AE339C /* SystemConfiguration.framework */ = {isa = PBXFileReference; lastKnownFileType = wrapper.framework; name = SystemConfiguration.framework; path = System/Library/Frameworks/SystemConfiguration.framework; sourceTree = SDKROOT; };
		1F73C4001BEB165400AE339C /* Bolts.framework */ = {isa = PBXFileReference; lastKnownFileType = wrapper.framework; path = Bolts.framework; sourceTree = "<group>"; };
		1F73C4011BEB165400AE339C /* Parse.framework */ = {isa = PBXFileReference; lastKnownFileType = wrapper.framework; path = Parse.framework; sourceTree = "<group>"; };
		1F73C4041BEB166400AE339C /* ParseUI.framework */ = {isa = PBXFileReference; lastKnownFileType = wrapper.framework; path = ParseUI.framework; sourceTree = "<group>"; };
		1F73C4061BEB167000AE339C /* ParseFacebookUtils.framework */ = {isa = PBXFileReference; lastKnownFileType = wrapper.framework; path = ParseFacebookUtils.framework; sourceTree = "<group>"; };
		1F73C4081BEB167C00AE339C /* ParseCrashReporting.framework */ = {isa = PBXFileReference; lastKnownFileType = wrapper.framework; path = ParseCrashReporting.framework; sourceTree = "<group>"; };
		1F73C40A1BEB16C600AE339C /* libz.tbd */ = {isa = PBXFileReference; lastKnownFileType = "sourcecode.text-based-dylib-definition"; name = libz.tbd; path = usr/lib/libz.tbd; sourceTree = SDKROOT; };
		1F73C40C1BEB16E200AE339C /* libstdc++.6.0.9.dylib */ = {isa = PBXFileReference; lastKnownFileType = "compiled.mach-o.dylib"; name = "libstdc++.6.0.9.dylib"; path = "/usr/lib/libstdc++.6.0.9.dylib"; sourceTree = "<absolute>"; };
		1F73C40E1BEB170700AE339C /* libsqlite3.dylib */ = {isa = PBXFileReference; lastKnownFileType = "compiled.mach-o.dylib"; name = libsqlite3.dylib; path = /usr/lib/libsqlite3.dylib; sourceTree = "<absolute>"; };
		1F7E27D61BF7D4D2005F94F6 /* LoginViewController.swift */ = {isa = PBXFileReference; fileEncoding = 4; lastKnownFileType = sourcecode.swift; path = LoginViewController.swift; sourceTree = "<group>"; };
		1F7E27D81BF7D4E6005F94F6 /* HomeViewController.swift */ = {isa = PBXFileReference; fileEncoding = 4; lastKnownFileType = sourcecode.swift; path = HomeViewController.swift; sourceTree = "<group>"; };
		1F7E27DA1BF7D4FA005F94F6 /* SignUpViewController.swift */ = {isa = PBXFileReference; fileEncoding = 4; lastKnownFileType = sourcecode.swift; path = SignUpViewController.swift; sourceTree = "<group>"; };
		1F7E27DC1BF7D517005F94F6 /* ResetPasswordViewController.swift */ = {isa = PBXFileReference; fileEncoding = 4; lastKnownFileType = sourcecode.swift; path = ResetPasswordViewController.swift; sourceTree = "<group>"; };
		1F93910A1BED7DF6007F7E0E /* MapView.swift */ = {isa = PBXFileReference; fileEncoding = 4; lastKnownFileType = sourcecode.swift; path = MapView.swift; sourceTree = "<group>"; };
		1F9F3D511C0524C200F2515D /* Lap Button.png */ = {isa = PBXFileReference; lastKnownFileType = image.png; path = "Lap Button.png"; sourceTree = "<group>"; };
		1F9F3D521C0524C200F2515D /* Reset Button.png */ = {isa = PBXFileReference; lastKnownFileType = image.png; path = "Reset Button.png"; sourceTree = "<group>"; };
		1F9F3D531C0524C200F2515D /* Start Button.png */ = {isa = PBXFileReference; lastKnownFileType = image.png; path = "Start Button.png"; sourceTree = "<group>"; };
		1F9F3D541C0524C200F2515D /* Stop Button.png */ = {isa = PBXFileReference; lastKnownFileType = image.png; path = "Stop Button.png"; sourceTree = "<group>"; };
		1FB816E31C34A337009EFCDA /* Launch Screen.storyboard */ = {isa = PBXFileReference; fileEncoding = 4; lastKnownFileType = file.storyboard; path = "Launch Screen.storyboard"; sourceTree = "<group>"; };
		1FB816E71C3E0092009EFCDA /* CFWODTableViewController.swift */ = {isa = PBXFileReference; fileEncoding = 4; lastKnownFileType = sourcecode.swift; path = CFWODTableViewController.swift; sourceTree = "<group>"; };
		1FB816E91C47257B009EFCDA /* WODDetailTableViewController.swift */ = {isa = PBXFileReference; fileEncoding = 4; lastKnownFileType = sourcecode.swift; path = WODDetailTableViewController.swift; sourceTree = "<group>"; };
/* End PBXFileReference section */

/* Begin PBXFrameworksBuildPhase section */
		1F73C3D31BEB152E00AE339C /* Frameworks */ = {
			isa = PBXFrameworksBuildPhase;
			buildActionMask = 2147483647;
			files = (
				1F73C40F1BEB170700AE339C /* libsqlite3.dylib in Frameworks */,
				1F73C40D1BEB16E200AE339C /* libstdc++.6.0.9.dylib in Frameworks */,
				1F73C40B1BEB16C600AE339C /* libz.tbd in Frameworks */,
				1F73C4071BEB167000AE339C /* ParseFacebookUtils.framework in Frameworks */,
				1F73C4091BEB167C00AE339C /* ParseCrashReporting.framework in Frameworks */,
				1F73C3FE1BEB161A00AE339C /* SystemConfiguration.framework in Frameworks */,
				1F73C3FC1BEB160D00AE339C /* AudioToolbox.framework in Frameworks */,
				1F73C3FA1BEB15F000AE339C /* StoreKit.framework in Frameworks */,
				1F73C3F81BEB15EA00AE339C /* Security.framework in Frameworks */,
				1F73C3F61BEB15E300AE339C /* QuartzCore.framework in Frameworks */,
				1F73C3F41BEB15DA00AE339C /* CoreGraphics.framework in Frameworks */,
				1F73C3F21BEB15D000AE339C /* CoreLocation.framework in Frameworks */,
				1F73C3F01BEB15C400AE339C /* CFNetwork.framework in Frameworks */,
				1F73C4021BEB165400AE339C /* Bolts.framework in Frameworks */,
				1F73C3EE1BEB15BE00AE339C /* Accounts.framework in Frameworks */,
				1F73C4031BEB165400AE339C /* Parse.framework in Frameworks */,
				1F73C3EC1BEB15B500AE339C /* Social.framework in Frameworks */,
				1F73C4051BEB166400AE339C /* ParseUI.framework in Frameworks */,
			);
			runOnlyForDeploymentPostprocessing = 0;
		};
/* End PBXFrameworksBuildPhase section */

/* Begin PBXGroup section */
		1F1801111BFD6D8600E5379F /* Log In/ Out/sign Up */ = {
			isa = PBXGroup;
			children = (
				1F7E27D61BF7D4D2005F94F6 /* LoginViewController.swift */,
				1F7E27DA1BF7D4FA005F94F6 /* SignUpViewController.swift */,
				1F7E27DC1BF7D517005F94F6 /* ResetPasswordViewController.swift */,
			);
			name = "Log In/ Out/sign Up";
			sourceTree = "<group>";
		};
		1F1801121BFD6DC200E5379F /* HomePage */ = {
			isa = PBXGroup;
			children = (
				1F7E27D81BF7D4E6005F94F6 /* HomeViewController.swift */,
			);
			name = HomePage;
			sourceTree = "<group>";
		};
		1F1801131BFD6DE400E5379F /* CrossFit Tab */ = {
			isa = PBXGroup;
			children = (
				1F1801491C01255F00E5379F /* Workout of day */,
				1F1800DD1BFAB6A300E5379F /* CFTableViewController.swift */,
				1F1801151BFD7CBE00E5379F /* CFViewController.swift */,
				1F18013F1BFFBDF900E5379F /* TimeKeeperView.swift */,
				1F1801411BFFBE3800E5379F /* PRView.swift */,
			);
			name = "CrossFit Tab";
			sourceTree = "<group>";
		};
		1F1801141BFD6DF300E5379F /* Maps/BMI */ = {
			isa = PBXGroup;
			children = (
				1F93910A1BED7DF6007F7E0E /* MapView.swift */,
			);
			name = Maps/BMI;
			sourceTree = "<group>";
		};
		1F1801491C01255F00E5379F /* Workout of day */ = {
			isa = PBXGroup;
			children = (
				1F18014A1C01578300E5379F /* WODTableViewController.swift */,
				1FB816E91C47257B009EFCDA /* WODDetailTableViewController.swift */,
			);
			name = "Workout of day";
			sourceTree = "<group>";
		};
		1F73C3CD1BEB152D00AE339C = {
			isa = PBXGroup;
			children = (
				1F73C3D81BEB152E00AE339C /* FitApp */,
			);
			sourceTree = "<group>";
		};
		1F73C3D71BEB152E00AE339C /* Products */ = {
			isa = PBXGroup;
			children = (
				1F73C3D61BEB152E00AE339C /* FitApp.app */,
			);
			name = Products;
			path = ..;
			sourceTree = "<group>";
		};
		1F73C3D81BEB152E00AE339C /* FitApp */ = {
			isa = PBXGroup;
			children = (
				1F73C3D91BEB152E00AE339C /* AppDelegate.swift */,
				1F1801111BFD6D8600E5379F /* Log In/ Out/sign Up */,
				1F1801121BFD6DC200E5379F /* HomePage */,
				1F1801131BFD6DE400E5379F /* CrossFit Tab */,
				1F1801141BFD6DF300E5379F /* Maps/BMI */,
				1F73C3DD1BEB152E00AE339C /* Main.storyboard */,
				1F73C3E01BEB152E00AE339C /* Assets.xcassets */,
				1FB816E31C34A337009EFCDA /* Launch Screen.storyboard */,
				1F73C3E51BEB152E00AE339C /* Info.plist */,
				1F73C3FF1BEB162200AE339C /* Frameworks */,
				1F73C3D71BEB152E00AE339C /* Products */,
				1F9F3D501C05247E00F2515D /* Button Images */,
				1FB816E71C3E0092009EFCDA /* CFWODTableViewController.swift */,
			);
			path = FitApp;
			sourceTree = "<group>";
		};
		1F73C3FF1BEB162200AE339C /* Frameworks */ = {
			isa = PBXGroup;
			children = (
				1F73C40E1BEB170700AE339C /* libsqlite3.dylib */,
				1F73C40C1BEB16E200AE339C /* libstdc++.6.0.9.dylib */,
				1F73C40A1BEB16C600AE339C /* libz.tbd */,
				1F73C4081BEB167C00AE339C /* ParseCrashReporting.framework */,
				1F73C4061BEB167000AE339C /* ParseFacebookUtils.framework */,
				1F73C4041BEB166400AE339C /* ParseUI.framework */,
				1F73C4001BEB165400AE339C /* Bolts.framework */,
				1F73C4011BEB165400AE339C /* Parse.framework */,
				1F73C3FD1BEB161A00AE339C /* SystemConfiguration.framework */,
				1F73C3FB1BEB160D00AE339C /* AudioToolbox.framework */,
				1F73C3F91BEB15F000AE339C /* StoreKit.framework */,
				1F73C3F71BEB15EA00AE339C /* Security.framework */,
				1F73C3F51BEB15E300AE339C /* QuartzCore.framework */,
				1F73C3F31BEB15DA00AE339C /* CoreGraphics.framework */,
				1F73C3F11BEB15D000AE339C /* CoreLocation.framework */,
				1F73C3EF1BEB15C400AE339C /* CFNetwork.framework */,
				1F73C3ED1BEB15BE00AE339C /* Accounts.framework */,
				1F73C3EB1BEB15B500AE339C /* Social.framework */,
			);
			name = Frameworks;
			path = ..;
			sourceTree = "<group>";
		};
		1F9F3D501C05247E00F2515D /* Button Images */ = {
			isa = PBXGroup;
			children = (
				1F9F3D511C0524C200F2515D /* Lap Button.png */,
				1F9F3D521C0524C200F2515D /* Reset Button.png */,
				1F9F3D531C0524C200F2515D /* Start Button.png */,
				1F9F3D541C0524C200F2515D /* Stop Button.png */,
			);
			name = "Button Images";
			sourceTree = "<group>";
		};
/* End PBXGroup section */

/* Begin PBXNativeTarget section */
		1F73C3D51BEB152E00AE339C /* FitApp */ = {
			isa = PBXNativeTarget;
			buildConfigurationList = 1F73C3E81BEB152E00AE339C /* Build configuration list for PBXNativeTarget "FitApp" */;
			buildPhases = (
				1F73C3D21BEB152E00AE339C /* Sources */,
				1F73C3D31BEB152E00AE339C /* Frameworks */,
				1F73C3D41BEB152E00AE339C /* Resources */,
			);
			buildRules = (
			);
			dependencies = (
			);
			name = FitApp;
			productName = FitApp;
			productReference = 1F73C3D61BEB152E00AE339C /* FitApp.app */;
			productType = "com.apple.product-type.application";
		};
/* End PBXNativeTarget section */

/* Begin PBXProject section */
		1F73C3CE1BEB152D00AE339C /* Project object */ = {
			isa = PBXProject;
			attributes = {
				LastSwiftUpdateCheck = 0710;
				LastUpgradeCheck = 0710;
				ORGANIZATIONNAME = "Siddharth Patel";
				TargetAttributes = {
					1F73C3D51BEB152E00AE339C = {
						CreatedOnToolsVersion = 7.1;
						DevelopmentTeam = X33N5HMJNJ;
					};
				};
			};
			buildConfigurationList = 1F73C3D11BEB152E00AE339C /* Build configuration list for PBXProject "FitApp" */;
			compatibilityVersion = "Xcode 3.2";
			developmentRegion = English;
			hasScannedForEncodings = 0;
			knownRegions = (
				en,
				Base,
			);
			mainGroup = 1F73C3CD1BEB152D00AE339C;
			productRefGroup = 1F73C3D71BEB152E00AE339C /* Products */;
			projectDirPath = "";
			projectRoot = "";
			targets = (
				1F73C3D51BEB152E00AE339C /* FitApp */,
			);
		};
/* End PBXProject section */

/* Begin PBXResourcesBuildPhase section */
		1F73C3D41BEB152E00AE339C /* Resources */ = {
			isa = PBXResourcesBuildPhase;
			buildActionMask = 2147483647;
			files = (
				1F9F3D571C0524C200F2515D /* Start Button.png in Resources */,
				1F9F3D561C0524C200F2515D /* Reset Button.png in Resources */,
				1FB816E41C34A337009EFCDA /* Launch Screen.storyboard in Resources */,
				1F73C3E11BEB152E00AE339C /* Assets.xcassets in Resources */,
				1F9F3D581C0524C200F2515D /* Stop Button.png in Resources */,
				1F9F3D551C0524C200F2515D /* Lap Button.png in Resources */,
				1F73C3DF1BEB152E00AE339C /* Main.storyboard in Resources */,
			);
			runOnlyForDeploymentPostprocessing = 0;
		};
/* End PBXResourcesBuildPhase section */

/* Begin PBXSourcesBuildPhase section */
		1F73C3D21BEB152E00AE339C /* Sources */ = {
			isa = PBXSourcesBuildPhase;
			buildActionMask = 2147483647;
			files = (
				1F1801421BFFBE3800E5379F /* PRView.swift in Sources */,
				1F7E27D71BF7D4D2005F94F6 /* LoginViewController.swift in Sources */,
				1F1801161BFD7CBE00E5379F /* CFViewController.swift in Sources */,
				1F1801401BFFBDF900E5379F /* TimeKeeperView.swift in Sources */,
				1F93910B1BED7DF6007F7E0E /* MapView.swift in Sources */,
				1FB816EA1C47257C009EFCDA /* WODDetailTableViewController.swift in Sources */,
				1F73C3DA1BEB152E00AE339C /* AppDelegate.swift in Sources */,
				1F18014B1C01578300E5379F /* WODTableViewController.swift in Sources */,
				1FB816E81C3E0093009EFCDA /* CFWODTableViewController.swift in Sources */,
				1F7E27DD1BF7D517005F94F6 /* ResetPasswordViewController.swift in Sources */,
				1F7E27D91BF7D4E6005F94F6 /* HomeViewController.swift in Sources */,
				1F1800DE1BFAB6A300E5379F /* CFTableViewController.swift in Sources */,
				1F7E27DB1BF7D4FA005F94F6 /* SignUpViewController.swift in Sources */,
			);
			runOnlyForDeploymentPostprocessing = 0;
		};
/* End PBXSourcesBuildPhase section */

/* Begin PBXVariantGroup section */
		1F73C3DD1BEB152E00AE339C /* Main.storyboard */ = {
			isa = PBXVariantGroup;
			children = (
				1F73C3DE1BEB152E00AE339C /* Base */,
			);
			name = Main.storyboard;
			sourceTree = "<group>";
		};
/* End PBXVariantGroup section */

/* Begin XCBuildConfiguration section */
		1F73C3E61BEB152E00AE339C /* Debug */ = {
			isa = XCBuildConfiguration;
			buildSettings = {
				ALWAYS_SEARCH_USER_PATHS = NO;
				CLANG_CXX_LANGUAGE_STANDARD = "gnu++0x";
				CLANG_CXX_LIBRARY = "libc++";
				CLANG_ENABLE_MODULES = YES;
				CLANG_ENABLE_OBJC_ARC = YES;
				CLANG_WARN_BOOL_CONVERSION = YES;
				CLANG_WARN_CONSTANT_CONVERSION = YES;
				CLANG_WARN_DIRECT_OBJC_ISA_USAGE = YES_ERROR;
				CLANG_WARN_EMPTY_BODY = YES;
				CLANG_WARN_ENUM_CONVERSION = YES;
				CLANG_WARN_INT_CONVERSION = YES;
				CLANG_WARN_OBJC_ROOT_CLASS = YES_ERROR;
				CLANG_WARN_UNREACHABLE_CODE = YES;
				CLANG_WARN__DUPLICATE_METHOD_MATCH = YES;
				"CODE_SIGN_IDENTITY[sdk=iphoneos*]" = "iPhone Developer";
				COPY_PHASE_STRIP = NO;
				DEBUG_INFORMATION_FORMAT = dwarf;
				ENABLE_STRICT_OBJC_MSGSEND = YES;
				ENABLE_TESTABILITY = YES;
				GCC_C_LANGUAGE_STANDARD = gnu99;
				GCC_DYNAMIC_NO_PIC = NO;
				GCC_NO_COMMON_BLOCKS = YES;
				GCC_OPTIMIZATION_LEVEL = 0;
				GCC_PREPROCESSOR_DEFINITIONS = (
					"DEBUG=1",
					"$(inherited)",
				);
				GCC_WARN_64_TO_32_BIT_CONVERSION = YES;
				GCC_WARN_ABOUT_RETURN_TYPE = YES_ERROR;
				GCC_WARN_UNDECLARED_SELECTOR = YES;
				GCC_WARN_UNINITIALIZED_AUTOS = YES_AGGRESSIVE;
				GCC_WARN_UNUSED_FUNCTION = YES;
				GCC_WARN_UNUSED_VARIABLE = YES;
				IPHONEOS_DEPLOYMENT_TARGET = 9.1;
				MTL_ENABLE_DEBUG_INFO = YES;
				ONLY_ACTIVE_ARCH = YES;
				SDKROOT = iphoneos;
				SWIFT_OPTIMIZATION_LEVEL = "-Onone";
			};
			name = Debug;
		};
		1F73C3E71BEB152E00AE339C /* Release */ = {
			isa = XCBuildConfiguration;
			buildSettings = {
				ALWAYS_SEARCH_USER_PATHS = NO;
				CLANG_CXX_LANGUAGE_STANDARD = "gnu++0x";
				CLANG_CXX_LIBRARY = "libc++";
				CLANG_ENABLE_MODULES = YES;
				CLANG_ENABLE_OBJC_ARC = YES;
				CLANG_WARN_BOOL_CONVERSION = YES;
				CLANG_WARN_CONSTANT_CONVERSION = YES;
				CLANG_WARN_DIRECT_OBJC_ISA_USAGE = YES_ERROR;
				CLANG_WARN_EMPTY_BODY = YES;
				CLANG_WARN_ENUM_CONVERSION = YES;
				CLANG_WARN_INT_CONVERSION = YES;
				CLANG_WARN_OBJC_ROOT_CLASS = YES_ERROR;
				CLANG_WARN_UNREACHABLE_CODE = YES;
				CLANG_WARN__DUPLICATE_METHOD_MATCH = YES;
				"CODE_SIGN_IDENTITY[sdk=iphoneos*]" = "iPhone Developer";
				COPY_PHASE_STRIP = NO;
				DEBUG_INFORMATION_FORMAT = "dwarf-with-dsym";
				ENABLE_NS_ASSERTIONS = NO;
				ENABLE_STRICT_OBJC_MSGSEND = YES;
				GCC_C_LANGUAGE_STANDARD = gnu99;
				GCC_NO_COMMON_BLOCKS = YES;
				GCC_WARN_64_TO_32_BIT_CONVERSION = YES;
				GCC_WARN_ABOUT_RETURN_TYPE = YES_ERROR;
				GCC_WARN_UNDECLARED_SELECTOR = YES;
				GCC_WARN_UNINITIALIZED_AUTOS = YES_AGGRESSIVE;
				GCC_WARN_UNUSED_FUNCTION = YES;
				GCC_WARN_UNUSED_VARIABLE = YES;
				IPHONEOS_DEPLOYMENT_TARGET = 9.1;
				MTL_ENABLE_DEBUG_INFO = NO;
				SDKROOT = iphoneos;
				VALIDATE_PRODUCT = YES;
			};
			name = Release;
		};
		1F73C3E91BEB152E00AE339C /* Debug */ = {
			isa = XCBuildConfiguration;
			buildSettings = {
				ASSETCATALOG_COMPILER_APPICON_NAME = AppIcon;
				FRAMEWORK_SEARCH_PATHS = (
					"$(inherited)",
					"$(PROJECT_DIR)",
				);
				INFOPLIST_FILE = FitApp/Info.plist;
				IPHONEOS_DEPLOYMENT_TARGET = 9.0;
				LD_RUNPATH_SEARCH_PATHS = "$(inherited) @executable_path/Frameworks";
				PRODUCT_BUNDLE_IDENTIFIER = com.FitnessApp.FitApp;
				PRODUCT_NAME = "$(TARGET_NAME)";
			};
			name = Debug;
		};
		1F73C3EA1BEB152E00AE339C /* Release */ = {
			isa = XCBuildConfiguration;
			buildSettings = {
				ASSETCATALOG_COMPILER_APPICON_NAME = AppIcon;
				FRAMEWORK_SEARCH_PATHS = (
					"$(inherited)",
					"$(PROJECT_DIR)",
				);
				INFOPLIST_FILE = FitApp/Info.plist;
				IPHONEOS_DEPLOYMENT_TARGET = 9.0;
				LD_RUNPATH_SEARCH_PATHS = "$(inherited) @executable_path/Frameworks";
				PRODUCT_BUNDLE_IDENTIFIER = com.FitnessApp.FitApp;
				PRODUCT_NAME = "$(TARGET_NAME)";
			};
			name = Release;
		};
/* End XCBuildConfiguration section */

/* Begin XCConfigurationList section */
		1F73C3D11BEB152E00AE339C /* Build configuration list for PBXProject "FitApp" */ = {
			isa = XCConfigurationList;
			buildConfigurations = (
				1F73C3E61BEB152E00AE339C /* Debug */,
				1F73C3E71BEB152E00AE339C /* Release */,
			);
			defaultConfigurationIsVisible = 0;
			defaultConfigurationName = Release;
		};
		1F73C3E81BEB152E00AE339C /* Build configuration list for PBXNativeTarget "FitApp" */ = {
			isa = XCConfigurationList;
			buildConfigurations = (
				1F73C3E91BEB152E00AE339C /* Debug */,
				1F73C3EA1BEB152E00AE339C /* Release */,
			);
			defaultConfigurationIsVisible = 0;
			defaultConfigurationName = Release;
		};
/* End XCConfigurationList section */
	};
	rootObject = 1F73C3CE1BEB152D00AE339C /* Project object */;
}
